
Microsoft Visual Studio Solution File, Format Version 12.00
# Visual Studio Version 17
VisualStudioVersion = 17.14.36518.9 d17.14
MinimumVisualStudioVersion = 10.0.40219.1
Project("{FAE04EC0-301F-11D3-BF4B-00C04F79EFBC}") = "Project_Backend", "Project_Backend\Project_Backend.csproj", "{65E4F59B-F054-491A-8842-779C26681A0F}"
EndProject
Global
	GlobalSection(SolutionConfigurationPlatforms) = preSolution
		Debug|Any CPU = Debug|Any CPU
		Release|Any CPU = Release|Any CPU
	EndGlobalSection
	GlobalSection(ProjectConfigurationPlatforms) = postSolution
		{65E4F59B-F054-491A-8842-779C26681A0F}.Debug|Any CPU.ActiveCfg = Debug|Any CPU
		{65E4F59B-F054-491A-8842-779C26681A0F}.Debug|Any CPU.Build.0 = Debug|Any CPU
		{65E4F59B-F054-491A-8842-779C26681A0F}.Release|Any CPU.ActiveCfg = Release|Any CPU
		{65E4F59B-F054-491A-8842-779C26681A0F}.Release|Any CPU.Build.0 = Release|Any CPU
	EndGlobalSection
	GlobalSection(SolutionProperties) = preSolution
		HideSolutionNode = FALSE
	EndGlobalSection
	GlobalSection(ExtensibilityGlobals) = postSolution
		SolutionGuid = {363B2DC3-7024-496D-9622-EC92E9293F64}
	EndGlobalSection
EndGlobal
